
Microsoft Visual Studio Solution File, Format Version 12.00
# Visual Studio 15
VisualStudioVersion = 15.0.28010.2046
MinimumVisualStudioVersion = 10.0.40219.1
Project("{8BC9CEB8-8B4A-11D0-8D11-00A0C91BC942}") = "NewBreakingBlocks", "NewBreakingBlocks\NewBreakingBlocks.vcxproj", "{531A0AC8-AA25-4E18-B8C9-B7BB2B8F6BFE}"
EndProject
Project("{8BC9CEB8-8B4A-11D0-8D11-00A0C91BC942}") = "NewBreakingBlocksTest", "NewBreakingBlocksTest\NewBreakingBlocksTest.vcxproj", "{593B075A-B014-4347-9BFA-A38B386CEE0D}"
EndProject
Global
	GlobalSection(SolutionConfigurationPlatforms) = preSolution
		Debug|x64 = Debug|x64
		Debug|x86 = Debug|x86
		Release|x64 = Release|x64
		Release|x86 = Release|x86
	EndGlobalSection
	GlobalSection(ProjectConfigurationPlatforms) = postSolution
		{531A0AC8-AA25-4E18-B8C9-B7BB2B8F6BFE}.Debug|x64.ActiveCfg = Debug|x64
		{531A0AC8-AA25-4E18-B8C9-B7BB2B8F6BFE}.Debug|x64.Build.0 = Debug|x64
		{531A0AC8-AA25-4E18-B8C9-B7BB2B8F6BFE}.Debug|x86.ActiveCfg = Debug|Win32
		{531A0AC8-AA25-4E18-B8C9-B7BB2B8F6BFE}.Debug|x86.Build.0 = Debug|Win32
		{531A0AC8-AA25-4E18-B8C9-B7BB2B8F6BFE}.Release|x64.ActiveCfg = Release|x64
		{531A0AC8-AA25-4E18-B8C9-B7BB2B8F6BFE}.Release|x64.Build.0 = Release|x64
		{531A0AC8-AA25-4E18-B8C9-B7BB2B8F6BFE}.Release|x86.ActiveCfg = Release|Win32
		{531A0AC8-AA25-4E18-B8C9-B7BB2B8F6BFE}.Release|x86.Build.0 = Release|Win32
		{593B075A-B014-4347-9BFA-A38B386CEE0D}.Debug|x64.ActiveCfg = Debug|x64
		{593B075A-B014-4347-9BFA-A38B386CEE0D}.Debug|x64.Build.0 = Debug|x64
		{593B075A-B014-4347-9BFA-A38B386CEE0D}.Debug|x86.ActiveCfg = Debug|Win32
		{593B075A-B014-4347-9BFA-A38B386CEE0D}.Debug|x86.Build.0 = Debug|Win32
		{593B075A-B014-4347-9BFA-A38B386CEE0D}.Release|x64.ActiveCfg = Release|x64
		{593B075A-B014-4347-9BFA-A38B386CEE0D}.Release|x64.Build.0 = Release|x64
		{593B075A-B014-4347-9BFA-A38B386CEE0D}.Release|x86.ActiveCfg = Release|Win32
		{593B075A-B014-4347-9BFA-A38B386CEE0D}.Release|x86.Build.0 = Release|Win32
	EndGlobalSection
	GlobalSection(SolutionProperties) = preSolution
		HideSolutionNode = FALSE
	EndGlobalSection
	GlobalSection(ExtensibilityGlobals) = postSolution
		SolutionGuid = {79D7ADFB-5F65-42CA-88BD-6A5C93F7877A}
	EndGlobalSection
EndGlobal
